
Microsoft Visual Studio Solution File, Format Version 12.00
# Visual Studio Version 16
VisualStudioVersion = 16.0.29215.179
MinimumVisualStudioVersion = 10.0.40219.1
Project("{FAE04EC0-301F-11D3-BF4B-00C04F79EFBC}") = "WebTesteEntrevista", "WebTesteEntrevista\WebTesteEntrevista.csproj", "{B39B2E16-ED17-47A4-A4C2-22868BDB3563}"
EndProject
Global
	GlobalSection(SolutionConfigurationPlatforms) = preSolution
		Debug|Any CPU = Debug|Any CPU
		Release|Any CPU = Release|Any CPU
	EndGlobalSection
	GlobalSection(ProjectConfigurationPlatforms) = postSolution
		{B39B2E16-ED17-47A4-A4C2-22868BDB3563}.Debug|Any CPU.ActiveCfg = Debug|Any CPU
		{B39B2E16-ED17-47A4-A4C2-22868BDB3563}.Debug|Any CPU.Build.0 = Debug|Any CPU
		{B39B2E16-ED17-47A4-A4C2-22868BDB3563}.Release|Any CPU.ActiveCfg = Release|Any CPU
		{B39B2E16-ED17-47A4-A4C2-22868BDB3563}.Release|Any CPU.Build.0 = Release|Any CPU
	EndGlobalSection
	GlobalSection(SolutionProperties) = preSolution
	
		HideSolutionNode = FALSE
	EndGlobalSection
	GlobalSection(ExtensibilityGlobals) = postSolution
		SolutionGuid = {9BFCD6A2-D2CE-4627-B8BD-66EB1B5AB2B6}
	EndGlobalSection
EndGlobal
